
Microsoft Visual Studio Solution File, Format Version 12.00
# Visual Studio Version 17
VisualStudioVersion = 17.9.34728.123
MinimumVisualStudioVersion = 10.0.40219.1
Project("{FAE04EC0-301F-11D3-BF4B-00C04F79EFBC}") = "Calculator", "Calculator\Calculator.csproj", "{D2AA9A2F-5362-4BDE-A3B4-A77D654DD750}"
EndProject
Global
	GlobalSection(SolutionConfigurationPlatforms) = preSolution
		Debug|Any CPU = Debug|Any CPU
		Release|Any CPU = Release|Any CPU
	EndGlobalSection
	GlobalSection(ProjectConfigurationPlatforms) = postSolution
		{D2AA9A2F-5362-4BDE-A3B4-A77D654DD750}.Debug|Any CPU.ActiveCfg = Debug|Any CPU
		{D2AA9A2F-5362-4BDE-A3B4-A77D654DD750}.Debug|Any CPU.Build.0 = Debug|Any CPU
		{D2AA9A2F-5362-4BDE-A3B4-A77D654DD750}.Release|Any CPU.ActiveCfg = Release|Any CPU
		{D2AA9A2F-5362-4BDE-A3B4-A77D654DD750}.Release|Any CPU.Build.0 = Release|Any CPU
	EndGlobalSection
	GlobalSection(SolutionProperties) = preSolution
		HideSolutionNode = FALSE
	EndGlobalSection
	GlobalSection(ExtensibilityGlobals) = postSolution
		SolutionGuid = {F37A3C07-717B-4D57-B525-1F6BFAA3865B}
	EndGlobalSection
EndGlobal
